
Microsoft Visual Studio Solution File, Format Version 12.00
# Visual Studio Version 17
VisualStudioVersion = 17.0.31903.59
MinimumVisualStudioVersion = 10.0.40219.1
Project("{9A19103F-16F7-4668-BE54-9A1E7A4F7556}") = "CdmsBackend", "CdmsBackend\CdmsBackend.csproj", "{7D935959-D3BE-4EDC-BAEC-541C72741633}"
EndProject
Project("{9A19103F-16F7-4668-BE54-9A1E7A4F7556}") = "CdmsBackend.Test", "CdmsBackend.Test\CdmsBackend.Test.csproj", "{5CB86A4A-162D-4A20-9403-5BB89D671BF6}"
EndProject
Project("{2150E333-8FDC-42A3-9474-1A3956D46DE8}") = "tools", "tools", "{EB18A70D-18CE-4790-BD1D-AA0D86E539C4}"
EndProject
Project("{9A19103F-16F7-4668-BE54-9A1E7A4F7556}") = "CdmsBackend.Cli", "CdmsBackend.Cli\CdmsBackend.Cli.csproj", "{9D5EB3DA-6865-435C-A3F6-83DDE19285EC}"
EndProject
Project("{9A19103F-16F7-4668-BE54-9A1E7A4F7556}") = "Cdms.SensitiveData", "Cdms.SensitiveData\Cdms.SensitiveData.csproj", "{DDD96D3C-2BE7-43CA-B6A6-074FCD025A28}"
EndProject
Project("{9A19103F-16F7-4668-BE54-9A1E7A4F7556}") = "Cdms.Model", "Cdms.Model\Cdms.Model.csproj", "{FA564B2A-F539-4854-8115-28744A182EED}"
EndProject
Project("{9A19103F-16F7-4668-BE54-9A1E7A4F7556}") = "Cdms.Types.Alvs.V1", "Cdms.Types.Alvs.V1\Cdms.Types.Alvs.V1.csproj", "{1C1FA923-CFCD-4CEC-9F01-9644FD6CBE51}"
EndProject
Project("{9A19103F-16F7-4668-BE54-9A1E7A4F7556}") = "Cdms.Types.Alvs.Mapping.V1", "Cdms.Types.Alvs.Mapping.V1\Cdms.Types.Alvs.Mapping.V1.csproj", "{BC51577A-CCCB-406E-B386-AF38836D4B87}"
EndProject
Project("{9A19103F-16F7-4668-BE54-9A1E7A4F7556}") = "Cdms.Types.Ipaffs.V1", "Cdms.Types.Ipaffs.V1\Cdms.Types.Ipaffs.V1.csproj", "{EB8D05B1-5A4E-4E82-9850-2E8F88249258}"
EndProject
Project("{9A19103F-16F7-4668-BE54-9A1E7A4F7556}") = "Cdms.Types.Ipaffs.Mapping.V1", "Cdms.Types.Ipaffs.Mapping.V1\Cdms.Types.Ipaffs.Mapping.V1.csproj", "{86BF0AFE-0193-4837-932A-CC439BAE1648}"
EndProject
Project("{2150E333-8FDC-42A3-9474-1A3956D46DE8}") = "framework", "framework", "{2338E9F1-BADC-4D5F-AD5B-B14AF0A75CCD}"
EndProject
Project("{9A19103F-16F7-4668-BE54-9A1E7A4F7556}") = "Cdms.Backend.Data", "Cdms.Backend.Data\Cdms.Backend.Data.csproj", "{913641AD-3F81-4102-8B48-7D383197C8DD}"
EndProject
Project("{9A19103F-16F7-4668-BE54-9A1E7A4F7556}") = "Cdms.Types.Alvs.Mapping.V1.Tests", "Cdms.Types.Alvs.Mapping.V1.Tests\Cdms.Types.Alvs.Mapping.V1.Tests.csproj", "{CC94AA85-42ED-4116-AE76-1AC3AB5CDBEF}"
EndProject
Project("{9A19103F-16F7-4668-BE54-9A1E7A4F7556}") = "Cdms.Types.Gvms.V1", "Cdms.Types.Gvms.V1\Cdms.Types.Gvms.V1.csproj", "{42972AE8-30E2-4BBA-BB3E-10EFDCA465C7}"
EndProject
Project("{9A19103F-16F7-4668-BE54-9A1E7A4F7556}") = "Cdms.Types.Gvms.Mapping.V1", "Cdms.Types.Gvms.Mapping.V1\Cdms.Types.Gvms.Mapping.V1.csproj", "{6F3F9F42-2DB4-4EC4-BED7-078C8FECA19D}"
EndProject
Project("{9A19103F-16F7-4668-BE54-9A1E7A4F7556}") = "Cdms.Business", "Cdms.Business\Cdms.Business.csproj", "{517259EB-B064-409E-98EA-F545D443C854}"
EndProject
Project("{9A19103F-16F7-4668-BE54-9A1E7A4F7556}") = "Cdms.BlobService", "Cdms.BlobService\Cdms.BlobService.csproj", "{50EE4A5B-8204-4110-B2A1-0B7233284E46}"
EndProject
Project("{9A19103F-16F7-4668-BE54-9A1E7A4F7556}") = "Cdms.Azure", "Cdms.Azure\Cdms.Azure.csproj", "{3632CB4F-12D6-4315-B61B-5A487BC0D93C}"
EndProject
Project("{9A19103F-16F7-4668-BE54-9A1E7A4F7556}") = "Cdms.SensitiveData.Tests", "Cdms.SensitiveData.Tests\Cdms.SensitiveData.Tests.csproj", "{D74D5739-3BF5-4AFA-AF9E-5C4171A6DE83}"
EndProject
Project("{9A19103F-16F7-4668-BE54-9A1E7A4F7556}") = "Cdms.Business.Tests", "Cdms.Business.Tests\Cdms.Business.Tests.csproj", "{6ECCF74E-C518-461F-8E00-9E1CD38304C2}"
EndProject
Project("{9A19103F-16F7-4668-BE54-9A1E7A4F7556}") = "TestDataGenerator", "TestDataGenerator\TestDataGenerator.csproj", "{BBCE956A-B91B-487D-9AAF-0FDC69FD193B}"
EndProject
Project("{9A19103F-16F7-4668-BE54-9A1E7A4F7556}") = "TestDataGenerator.Tests", "TestDataGenerator.Tests\TestDataGenerator.Tests.csproj", "{DE402A21-9EC4-4E00-838C-DD76C3F50DE2}"
EndProject
Project("{2150E333-8FDC-42A3-9474-1A3956D46DE8}") = "types", "types", "{3F5B86A8-8142-40C3-9525-5AA00DEDEF34}"
EndProject
Project("{FAE04EC0-301F-11D3-BF4B-00C04F79EFBC}") = "Cdms.Consumers", "Cdms.Consumers\Cdms.Consumers.csproj", "{2BAE849A-6CCA-481E-8094-1A59B32D86A4}"
EndProject
Project("{FAE04EC0-301F-11D3-BF4B-00C04F79EFBC}") = "Cdms.Consumers.Tests", "Cdms.Consumers.Tests\Cdms.Consumers.Tests.csproj", "{91F2D8AC-0AF3-424C-805C-CEC0F8EB0BF7}"
EndProject
Global
	GlobalSection(SolutionConfigurationPlatforms) = preSolution
		Debug|Any CPU = Debug|Any CPU
		Release|Any CPU = Release|Any CPU
	EndGlobalSection
	GlobalSection(ProjectConfigurationPlatforms) = postSolution
		{7D935959-D3BE-4EDC-BAEC-541C72741633}.Debug|Any CPU.ActiveCfg = Debug|Any CPU
		{7D935959-D3BE-4EDC-BAEC-541C72741633}.Debug|Any CPU.Build.0 = Debug|Any CPU
		{7D935959-D3BE-4EDC-BAEC-541C72741633}.Release|Any CPU.ActiveCfg = Release|Any CPU
		{7D935959-D3BE-4EDC-BAEC-541C72741633}.Release|Any CPU.Build.0 = Release|Any CPU
		{5CB86A4A-162D-4A20-9403-5BB89D671BF6}.Debug|Any CPU.ActiveCfg = Debug|Any CPU
		{5CB86A4A-162D-4A20-9403-5BB89D671BF6}.Debug|Any CPU.Build.0 = Debug|Any CPU
		{5CB86A4A-162D-4A20-9403-5BB89D671BF6}.Release|Any CPU.ActiveCfg = Release|Any CPU
		{5CB86A4A-162D-4A20-9403-5BB89D671BF6}.Release|Any CPU.Build.0 = Release|Any CPU
		{9D5EB3DA-6865-435C-A3F6-83DDE19285EC}.Debug|Any CPU.ActiveCfg = Debug|Any CPU
		{9D5EB3DA-6865-435C-A3F6-83DDE19285EC}.Debug|Any CPU.Build.0 = Debug|Any CPU
		{9D5EB3DA-6865-435C-A3F6-83DDE19285EC}.Release|Any CPU.ActiveCfg = Release|Any CPU
		{9D5EB3DA-6865-435C-A3F6-83DDE19285EC}.Release|Any CPU.Build.0 = Release|Any CPU
		{DDD96D3C-2BE7-43CA-B6A6-074FCD025A28}.Debug|Any CPU.ActiveCfg = Debug|Any CPU
		{DDD96D3C-2BE7-43CA-B6A6-074FCD025A28}.Debug|Any CPU.Build.0 = Debug|Any CPU
		{DDD96D3C-2BE7-43CA-B6A6-074FCD025A28}.Release|Any CPU.ActiveCfg = Release|Any CPU
		{DDD96D3C-2BE7-43CA-B6A6-074FCD025A28}.Release|Any CPU.Build.0 = Release|Any CPU
		{FA564B2A-F539-4854-8115-28744A182EED}.Debug|Any CPU.ActiveCfg = Debug|Any CPU
		{FA564B2A-F539-4854-8115-28744A182EED}.Debug|Any CPU.Build.0 = Debug|Any CPU
		{FA564B2A-F539-4854-8115-28744A182EED}.Release|Any CPU.ActiveCfg = Release|Any CPU
		{FA564B2A-F539-4854-8115-28744A182EED}.Release|Any CPU.Build.0 = Release|Any CPU
		{1C1FA923-CFCD-4CEC-9F01-9644FD6CBE51}.Debug|Any CPU.ActiveCfg = Debug|Any CPU
		{1C1FA923-CFCD-4CEC-9F01-9644FD6CBE51}.Debug|Any CPU.Build.0 = Debug|Any CPU
		{1C1FA923-CFCD-4CEC-9F01-9644FD6CBE51}.Release|Any CPU.ActiveCfg = Release|Any CPU
		{1C1FA923-CFCD-4CEC-9F01-9644FD6CBE51}.Release|Any CPU.Build.0 = Release|Any CPU
		{BC51577A-CCCB-406E-B386-AF38836D4B87}.Debug|Any CPU.ActiveCfg = Debug|Any CPU
		{BC51577A-CCCB-406E-B386-AF38836D4B87}.Debug|Any CPU.Build.0 = Debug|Any CPU
		{BC51577A-CCCB-406E-B386-AF38836D4B87}.Release|Any CPU.ActiveCfg = Release|Any CPU
		{BC51577A-CCCB-406E-B386-AF38836D4B87}.Release|Any CPU.Build.0 = Release|Any CPU
		{EB8D05B1-5A4E-4E82-9850-2E8F88249258}.Debug|Any CPU.ActiveCfg = Debug|Any CPU
		{EB8D05B1-5A4E-4E82-9850-2E8F88249258}.Debug|Any CPU.Build.0 = Debug|Any CPU
		{EB8D05B1-5A4E-4E82-9850-2E8F88249258}.Release|Any CPU.ActiveCfg = Release|Any CPU
		{EB8D05B1-5A4E-4E82-9850-2E8F88249258}.Release|Any CPU.Build.0 = Release|Any CPU
		{86BF0AFE-0193-4837-932A-CC439BAE1648}.Debug|Any CPU.ActiveCfg = Debug|Any CPU
		{86BF0AFE-0193-4837-932A-CC439BAE1648}.Debug|Any CPU.Build.0 = Debug|Any CPU
		{86BF0AFE-0193-4837-932A-CC439BAE1648}.Release|Any CPU.ActiveCfg = Release|Any CPU
		{86BF0AFE-0193-4837-932A-CC439BAE1648}.Release|Any CPU.Build.0 = Release|Any CPU
		{913641AD-3F81-4102-8B48-7D383197C8DD}.Debug|Any CPU.ActiveCfg = Debug|Any CPU
		{913641AD-3F81-4102-8B48-7D383197C8DD}.Debug|Any CPU.Build.0 = Debug|Any CPU
		{913641AD-3F81-4102-8B48-7D383197C8DD}.Release|Any CPU.ActiveCfg = Release|Any CPU
		{913641AD-3F81-4102-8B48-7D383197C8DD}.Release|Any CPU.Build.0 = Release|Any CPU
		{CC94AA85-42ED-4116-AE76-1AC3AB5CDBEF}.Debug|Any CPU.ActiveCfg = Debug|Any CPU
		{CC94AA85-42ED-4116-AE76-1AC3AB5CDBEF}.Debug|Any CPU.Build.0 = Debug|Any CPU
		{CC94AA85-42ED-4116-AE76-1AC3AB5CDBEF}.Release|Any CPU.ActiveCfg = Release|Any CPU
		{CC94AA85-42ED-4116-AE76-1AC3AB5CDBEF}.Release|Any CPU.Build.0 = Release|Any CPU
		{42972AE8-30E2-4BBA-BB3E-10EFDCA465C7}.Debug|Any CPU.ActiveCfg = Debug|Any CPU
		{42972AE8-30E2-4BBA-BB3E-10EFDCA465C7}.Debug|Any CPU.Build.0 = Debug|Any CPU
		{42972AE8-30E2-4BBA-BB3E-10EFDCA465C7}.Release|Any CPU.ActiveCfg = Release|Any CPU
		{42972AE8-30E2-4BBA-BB3E-10EFDCA465C7}.Release|Any CPU.Build.0 = Release|Any CPU
		{6F3F9F42-2DB4-4EC4-BED7-078C8FECA19D}.Debug|Any CPU.ActiveCfg = Debug|Any CPU
		{6F3F9F42-2DB4-4EC4-BED7-078C8FECA19D}.Debug|Any CPU.Build.0 = Debug|Any CPU
		{6F3F9F42-2DB4-4EC4-BED7-078C8FECA19D}.Release|Any CPU.ActiveCfg = Release|Any CPU
		{6F3F9F42-2DB4-4EC4-BED7-078C8FECA19D}.Release|Any CPU.Build.0 = Release|Any CPU
		{517259EB-B064-409E-98EA-F545D443C854}.Debug|Any CPU.ActiveCfg = Debug|Any CPU
		{517259EB-B064-409E-98EA-F545D443C854}.Debug|Any CPU.Build.0 = Debug|Any CPU
		{517259EB-B064-409E-98EA-F545D443C854}.Release|Any CPU.ActiveCfg = Release|Any CPU
		{517259EB-B064-409E-98EA-F545D443C854}.Release|Any CPU.Build.0 = Release|Any CPU
		{50EE4A5B-8204-4110-B2A1-0B7233284E46}.Debug|Any CPU.ActiveCfg = Debug|Any CPU
		{50EE4A5B-8204-4110-B2A1-0B7233284E46}.Debug|Any CPU.Build.0 = Debug|Any CPU
		{50EE4A5B-8204-4110-B2A1-0B7233284E46}.Release|Any CPU.ActiveCfg = Release|Any CPU
		{50EE4A5B-8204-4110-B2A1-0B7233284E46}.Release|Any CPU.Build.0 = Release|Any CPU
		{3632CB4F-12D6-4315-B61B-5A487BC0D93C}.Debug|Any CPU.ActiveCfg = Debug|Any CPU
		{3632CB4F-12D6-4315-B61B-5A487BC0D93C}.Debug|Any CPU.Build.0 = Debug|Any CPU
		{3632CB4F-12D6-4315-B61B-5A487BC0D93C}.Release|Any CPU.ActiveCfg = Release|Any CPU
		{3632CB4F-12D6-4315-B61B-5A487BC0D93C}.Release|Any CPU.Build.0 = Release|Any CPU
		{D74D5739-3BF5-4AFA-AF9E-5C4171A6DE83}.Debug|Any CPU.ActiveCfg = Debug|Any CPU
		{D74D5739-3BF5-4AFA-AF9E-5C4171A6DE83}.Debug|Any CPU.Build.0 = Debug|Any CPU
		{D74D5739-3BF5-4AFA-AF9E-5C4171A6DE83}.Release|Any CPU.ActiveCfg = Release|Any CPU
		{D74D5739-3BF5-4AFA-AF9E-5C4171A6DE83}.Release|Any CPU.Build.0 = Release|Any CPU
		{6ECCF74E-C518-461F-8E00-9E1CD38304C2}.Debug|Any CPU.ActiveCfg = Debug|Any CPU
		{6ECCF74E-C518-461F-8E00-9E1CD38304C2}.Debug|Any CPU.Build.0 = Debug|Any CPU
		{6ECCF74E-C518-461F-8E00-9E1CD38304C2}.Release|Any CPU.ActiveCfg = Release|Any CPU
		{6ECCF74E-C518-461F-8E00-9E1CD38304C2}.Release|Any CPU.Build.0 = Release|Any CPU
		{BBCE956A-B91B-487D-9AAF-0FDC69FD193B}.Debug|Any CPU.ActiveCfg = Debug|Any CPU
		{BBCE956A-B91B-487D-9AAF-0FDC69FD193B}.Debug|Any CPU.Build.0 = Debug|Any CPU
		{BBCE956A-B91B-487D-9AAF-0FDC69FD193B}.Release|Any CPU.ActiveCfg = Release|Any CPU
		{BBCE956A-B91B-487D-9AAF-0FDC69FD193B}.Release|Any CPU.Build.0 = Release|Any CPU
		{DE402A21-9EC4-4E00-838C-DD76C3F50DE2}.Debug|Any CPU.ActiveCfg = Debug|Any CPU
		{DE402A21-9EC4-4E00-838C-DD76C3F50DE2}.Debug|Any CPU.Build.0 = Debug|Any CPU
		{DE402A21-9EC4-4E00-838C-DD76C3F50DE2}.Release|Any CPU.ActiveCfg = Release|Any CPU
		{DE402A21-9EC4-4E00-838C-DD76C3F50DE2}.Release|Any CPU.Build.0 = Release|Any CPU
		{2BAE849A-6CCA-481E-8094-1A59B32D86A4}.Debug|Any CPU.ActiveCfg = Debug|Any CPU
		{2BAE849A-6CCA-481E-8094-1A59B32D86A4}.Debug|Any CPU.Build.0 = Debug|Any CPU
		{2BAE849A-6CCA-481E-8094-1A59B32D86A4}.Release|Any CPU.ActiveCfg = Release|Any CPU
		{2BAE849A-6CCA-481E-8094-1A59B32D86A4}.Release|Any CPU.Build.0 = Release|Any CPU
		{91F2D8AC-0AF3-424C-805C-CEC0F8EB0BF7}.Debug|Any CPU.ActiveCfg = Debug|Any CPU
		{91F2D8AC-0AF3-424C-805C-CEC0F8EB0BF7}.Debug|Any CPU.Build.0 = Debug|Any CPU
		{91F2D8AC-0AF3-424C-805C-CEC0F8EB0BF7}.Release|Any CPU.ActiveCfg = Release|Any CPU
		{91F2D8AC-0AF3-424C-805C-CEC0F8EB0BF7}.Release|Any CPU.Build.0 = Release|Any CPU
	EndGlobalSection
	GlobalSection(SolutionProperties) = preSolution
		HideSolutionNode = FALSE
	EndGlobalSection
	GlobalSection(NestedProjects) = preSolution
		{9D5EB3DA-6865-435C-A3F6-83DDE19285EC} = {EB18A70D-18CE-4790-BD1D-AA0D86E539C4}
		{DDD96D3C-2BE7-43CA-B6A6-074FCD025A28} = {2338E9F1-BADC-4D5F-AD5B-B14AF0A75CCD}
		{1C1FA923-CFCD-4CEC-9F01-9644FD6CBE51} = {3F5B86A8-8142-40C3-9525-5AA00DEDEF34}
		{BC51577A-CCCB-406E-B386-AF38836D4B87} = {3F5B86A8-8142-40C3-9525-5AA00DEDEF34}
		{EB8D05B1-5A4E-4E82-9850-2E8F88249258} = {3F5B86A8-8142-40C3-9525-5AA00DEDEF34}
		{86BF0AFE-0193-4837-932A-CC439BAE1648} = {3F5B86A8-8142-40C3-9525-5AA00DEDEF34}
		{913641AD-3F81-4102-8B48-7D383197C8DD} = {2338E9F1-BADC-4D5F-AD5B-B14AF0A75CCD}
		{CC94AA85-42ED-4116-AE76-1AC3AB5CDBEF} = {3F5B86A8-8142-40C3-9525-5AA00DEDEF34}
		{42972AE8-30E2-4BBA-BB3E-10EFDCA465C7} = {3F5B86A8-8142-40C3-9525-5AA00DEDEF34}
		{6F3F9F42-2DB4-4EC4-BED7-078C8FECA19D} = {3F5B86A8-8142-40C3-9525-5AA00DEDEF34}
		{50EE4A5B-8204-4110-B2A1-0B7233284E46} = {2338E9F1-BADC-4D5F-AD5B-B14AF0A75CCD}
		{3632CB4F-12D6-4315-B61B-5A487BC0D93C} = {2338E9F1-BADC-4D5F-AD5B-B14AF0A75CCD}
		{D74D5739-3BF5-4AFA-AF9E-5C4171A6DE83} = {2338E9F1-BADC-4D5F-AD5B-B14AF0A75CCD}
		{BBCE956A-B91B-487D-9AAF-0FDC69FD193B} = {EB18A70D-18CE-4790-BD1D-AA0D86E539C4}
		{DE402A21-9EC4-4E00-838C-DD76C3F50DE2} = {EB18A70D-18CE-4790-BD1D-AA0D86E539C4}
	EndGlobalSection
	GlobalSection(ExtensibilityGlobals) = postSolution
		SolutionGuid = {1A8269F1-22E5-438E-A129-383A6D567DA1}
	EndGlobalSection
EndGlobal
