
Microsoft Visual Studio Solution File, Format Version 12.00
Project("{FAE04EC0-301F-11D3-BF4B-00C04F79EFBC}") = "CdmsBackend", "CdmsBackend\CdmsBackend.csproj", "{3235DB28-8574-47E0-84D2-A85B4E0AAF2E}"
EndProject
Project("{FAE04EC0-301F-11D3-BF4B-00C04F79EFBC}") = "CdmsBackend.Test", "CdmsBackend.Test\CdmsBackend.Test.csproj", "{34961E62-2238-4114-9FAA-91243CBE8393}"
EndProject
Project("{2150E333-8FDC-42A3-9474-1A3956D46DE8}") = "SolutionFiles", "SolutionFiles", "{CA7CC571-7225-4D6F-BC51-547EDA83E03F}"
	ProjectSection(SolutionItems) = preProject
		.dockerignore = .dockerignore
		.editorconfig = .editorconfig
		.gitignore = .gitignore
		Dockerfile = Dockerfile
		README.md = README.md
	EndProjectSection
EndProject
Global
	GlobalSection(SolutionConfigurationPlatforms) = preSolution
		Debug|Any CPU = Debug|Any CPU
		Release|Any CPU = Release|Any CPU
	EndGlobalSection
	GlobalSection(ProjectConfigurationPlatforms) = postSolution
		{3235DB28-8574-47E0-84D2-A85B4E0AAF2E}.Debug|Any CPU.ActiveCfg = Debug|Any CPU
		{3235DB28-8574-47E0-84D2-A85B4E0AAF2E}.Debug|Any CPU.Build.0 = Debug|Any CPU
		{3235DB28-8574-47E0-84D2-A85B4E0AAF2E}.Release|Any CPU.ActiveCfg = Release|Any CPU
		{3235DB28-8574-47E0-84D2-A85B4E0AAF2E}.Release|Any CPU.Build.0 = Release|Any CPU
		{34961E62-2238-4114-9FAA-91243CBE8393}.Debug|Any CPU.ActiveCfg = Debug|Any CPU
		{34961E62-2238-4114-9FAA-91243CBE8393}.Debug|Any CPU.Build.0 = Debug|Any CPU
		{34961E62-2238-4114-9FAA-91243CBE8393}.Release|Any CPU.ActiveCfg = Release|Any CPU
		{34961E62-2238-4114-9FAA-91243CBE8393}.Release|Any CPU.Build.0 = Release|Any CPU
	EndGlobalSection
EndGlobal
